// !$*UTF8*$!
{
	archiveVersion = 1;
	classes = {
	};
	objectVersion = 77;
	objects = {

/* Begin PBXContainerItemProxy section */
		E3547AC62DDB16D10015C7B5 /* PBXContainerItemProxy */ = {
			isa = PBXContainerItemProxy;
			containerPortal = E3547AB02DDB16D00015C7B5 /* Project object */;
			proxyType = 1;
			remoteGlobalIDString = E3547AB72DDB16D00015C7B5;
			remoteInfo = MaksymPoskannyiCard;
		};
		E3547AD02DDB16D10015C7B5 /* PBXContainerItemProxy */ = {
			isa = PBXContainerItemProxy;
			containerPortal = E3547AB02DDB16D00015C7B5 /* Project object */;
			proxyType = 1;
			remoteGlobalIDString = E3547AB72DDB16D00015C7B5;
			remoteInfo = MaksymPoskannyiCard;
		};
/* End PBXContainerItemProxy section */

/* Begin PBXFileReference section */
		E3547AB82DDB16D00015C7B5 /* MaksymPoskannyiCard.app */ = {isa = PBXFileReference; explicitFileType = wrapper.application; includeInIndex = 0; path = MaksymPoskannyiCard.app; sourceTree = BUILT_PRODUCTS_DIR; };
		E3547AC52DDB16D10015C7B5 /* MaksymPoskannyiCardTests.xctest */ = {isa = PBXFileReference; explicitFileType = wrapper.cfbundle; includeInIndex = 0; path = MaksymPoskannyiCardTests.xctest; sourceTree = BUILT_PRODUCTS_DIR; };
		E3547ACF2DDB16D10015C7B5 /* MaksymPoskannyiCardUITests.xctest */ = {isa = PBXFileReference; explicitFileType = wrapper.cfbundle; includeInIndex = 0; path = MaksymPoskannyiCardUITests.xctest; sourceTree = BUILT_PRODUCTS_DIR; };
/* End PBXFileReference section */

/* Begin PBXFileSystemSynchronizedBuildFileExceptionSet section */
		E3547AF32DDB1D720015C7B5 /* Exceptions for "MaksymPoskannyiCard" folder in "MaksymPoskannyiCard" target */ = {
			isa = PBXFileSystemSynchronizedBuildFileExceptionSet;
			membershipExceptions = (
				Info.plist,
			);
			target = E3547AB72DDB16D00015C7B5 /* MaksymPoskannyiCard */;
		};
/* End PBXFileSystemSynchronizedBuildFileExceptionSet section */

/* Begin PBXFileSystemSynchronizedRootGroup section */
		E3547ABA2DDB16D00015C7B5 /* MaksymPoskannyiCard */ = {
			isa = PBXFileSystemSynchronizedRootGroup;
			exceptions = (
				E3547AF32DDB1D720015C7B5 /* Exceptions for "MaksymPoskannyiCard" folder in "MaksymPoskannyiCard" target */,
			);
			path = MaksymPoskannyiCard;
			sourceTree = "<group>";
		};
		E3547AC82DDB16D10015C7B5 /* MaksymPoskannyiCardTests */ = {
			isa = PBXFileSystemSynchronizedRootGroup;
			path = MaksymPoskannyiCardTests;
			sourceTree = "<group>";
		};
		E3547AD22DDB16D10015C7B5 /* MaksymPoskannyiCardUITests */ = {
			isa = PBXFileSystemSynchronizedRootGroup;
			path = MaksymPoskannyiCardUITests;
			sourceTree = "<group>";
		};
/* End PBXFileSystemSynchronizedRootGroup section */

/* Begin PBXFrameworksBuildPhase section */
		E3547AB52DDB16D00015C7B5 /* Frameworks */ = {
			isa = PBXFrameworksBuildPhase;
			buildActionMask = 2147483647;
			files = (
			);
			runOnlyForDeploymentPostprocessing = 0;
		};
		E3547AC22DDB16D10015C7B5 /* Frameworks */ = {
			isa = PBXFrameworksBuildPhase;
			buildActionMask = 2147483647;
			files = (
			);
			runOnlyForDeploymentPostprocessing = 0;
		};
		E3547ACC2DDB16D10015C7B5 /* Frameworks */ = {
			isa = PBXFrameworksBuildPhase;
			buildActionMask = 2147483647;
			files = (
			);
			runOnlyForDeploymentPostprocessing = 0;
		};
/* End PBXFrameworksBuildPhase section */

/* Begin PBXGroup section */
		E3547AAF2DDB16D00015C7B5 = {
			isa = PBXGroup;
			children = (
				E3547ABA2DDB16D00015C7B5 /* MaksymPoskannyiCard */,
				E3547AC82DDB16D10015C7B5 /* MaksymPoskannyiCardTests */,
				E3547AD22DDB16D10015C7B5 /* MaksymPoskannyiCardUITests */,
				E3547AB92DDB16D00015C7B5 /* Products */,
			);
			sourceTree = "<group>";
		};
		E3547AB92DDB16D00015C7B5 /* Products */ = {
			isa = PBXGroup;
			children = (
				E3547AB82DDB16D00015C7B5 /* MaksymPoskannyiCard.app */,
				E3547AC52DDB16D10015C7B5 /* MaksymPoskannyiCardTests.xctest */,
				E3547ACF2DDB16D10015C7B5 /* MaksymPoskannyiCardUITests.xctest */,
			);
			name = Products;
			sourceTree = "<group>";
		};
/* End PBXGroup section */

/* Begin PBXNativeTarget section */
		E3547AB72DDB16D00015C7B5 /* MaksymPoskannyiCard */ = {
			isa = PBXNativeTarget;
			buildConfigurationList = E3547AD92DDB16D10015C7B5 /* Build configuration list for PBXNativeTarget "MaksymPoskannyiCard" */;
			buildPhases = (
				E3547AB42DDB16D00015C7B5 /* Sources */,
				E3547AB52DDB16D00015C7B5 /* Frameworks */,
				E3547AB62DDB16D00015C7B5 /* Resources */,
			);
			buildRules = (
			);
			dependencies = (
			);
			fileSystemSynchronizedGroups = (
				E3547ABA2DDB16D00015C7B5 /* MaksymPoskannyiCard */,
			);
			name = MaksymPoskannyiCard;
			packageProductDependencies = (
			);
			productName = MaksymPoskannyiCard;
			productReference = E3547AB82DDB16D00015C7B5 /* MaksymPoskannyiCard.app */;
			productType = "com.apple.product-type.application";
		};
		E3547AC42DDB16D10015C7B5 /* MaksymPoskannyiCardTests */ = {
			isa = PBXNativeTarget;
			buildConfigurationList = E3547ADC2DDB16D10015C7B5 /* Build configuration list for PBXNativeTarget "MaksymPoskannyiCardTests" */;
			buildPhases = (
				E3547AC12DDB16D10015C7B5 /* Sources */,
				E3547AC22DDB16D10015C7B5 /* Frameworks */,
				E3547AC32DDB16D10015C7B5 /* Resources */,
			);
			buildRules = (
			);
			dependencies = (
				E3547AC72DDB16D10015C7B5 /* PBXTargetDependency */,
			);
			fileSystemSynchronizedGroups = (
				E3547AC82DDB16D10015C7B5 /* MaksymPoskannyiCardTests */,
			);
			name = MaksymPoskannyiCardTests;
			packageProductDependencies = (
			);
			productName = MaksymPoskannyiCardTests;
			productReference = E3547AC52DDB16D10015C7B5 /* MaksymPoskannyiCardTests.xctest */;
			productType = "com.apple.product-type.bundle.unit-test";
		};
		E3547ACE2DDB16D10015C7B5 /* MaksymPoskannyiCardUITests */ = {
			isa = PBXNativeTarget;
			buildConfigurationList = E3547ADF2DDB16D10015C7B5 /* Build configuration list for PBXNativeTarget "MaksymPoskannyiCardUITests" */;
			buildPhases = (
				E3547ACB2DDB16D10015C7B5 /* Sources */,
				E3547ACC2DDB16D10015C7B5 /* Frameworks */,
				E3547ACD2DDB16D10015C7B5 /* Resources */,
			);
			buildRules = (
			);
			dependencies = (
				E3547AD12DDB16D10015C7B5 /* PBXTargetDependency */,
			);
			fileSystemSynchronizedGroups = (
				E3547AD22DDB16D10015C7B5 /* MaksymPoskannyiCardUITests */,
			);
			name = MaksymPoskannyiCardUITests;
			packageProductDependencies = (
			);
			productName = MaksymPoskannyiCardUITests;
			productReference = E3547ACF2DDB16D10015C7B5 /* MaksymPoskannyiCardUITests.xctest */;
			productType = "com.apple.product-type.bundle.ui-testing";
		};
/* End PBXNativeTarget section */

/* Begin PBXProject section */
		E3547AB02DDB16D00015C7B5 /* Project object */ = {
			isa = PBXProject;
			attributes = {
				BuildIndependentTargetsInParallel = 1;
				LastSwiftUpdateCheck = 1630;
				LastUpgradeCheck = 1630;
				TargetAttributes = {
					E3547AB72DDB16D00015C7B5 = {
						CreatedOnToolsVersion = 16.3;
					};
					E3547AC42DDB16D10015C7B5 = {
						CreatedOnToolsVersion = 16.3;
						TestTargetID = E3547AB72DDB16D00015C7B5;
					};
					E3547ACE2DDB16D10015C7B5 = {
						CreatedOnToolsVersion = 16.3;
						TestTargetID = E3547AB72DDB16D00015C7B5;
					};
				};
			};
			buildConfigurationList = E3547AB32DDB16D00015C7B5 /* Build configuration list for PBXProject "MaksymPoskannyiCard" */;
			developmentRegion = en;
			hasScannedForEncodings = 0;
			knownRegions = (
				en,
				Base,
			);
			mainGroup = E3547AAF2DDB16D00015C7B5;
			minimizedProjectReferenceProxies = 1;
			preferredProjectObjectVersion = 77;
			productRefGroup = E3547AB92DDB16D00015C7B5 /* Products */;
			projectDirPath = "";
			projectRoot = "";
			targets = (
				E3547AB72DDB16D00015C7B5 /* MaksymPoskannyiCard */,
				E3547AC42DDB16D10015C7B5 /* MaksymPoskannyiCardTests */,
				E3547ACE2DDB16D10015C7B5 /* MaksymPoskannyiCardUITests */,
			);
		};
/* End PBXProject section */

/* Begin PBXResourcesBuildPhase section */
		E3547AB62DDB16D00015C7B5 /* Resources */ = {
			isa = PBXResourcesBuildPhase;
			buildActionMask = 2147483647;
			files = (
			);
			runOnlyForDeploymentPostprocessing = 0;
		};
		E3547AC32DDB16D10015C7B5 /* Resources */ = {
			isa = PBXResourcesBuildPhase;
			buildActionMask = 2147483647;
			files = (
			);
			runOnlyForDeploymentPostprocessing = 0;
		};
		E3547ACD2DDB16D10015C7B5 /* Resources */ = {
			isa = PBXResourcesBuildPhase;
			buildActionMask = 2147483647;
			files = (
			);
			runOnlyForDeploymentPostprocessing = 0;
		};
/* End PBXResourcesBuildPhase section */

/* Begin PBXSourcesBuildPhase section */
		E3547AB42DDB16D00015C7B5 /* Sources */ = {
			isa = PBXSourcesBuildPhase;
			buildActionMask = 2147483647;
			files = (
			);
			runOnlyForDeploymentPostprocessing = 0;
		};
		E3547AC12DDB16D10015C7B5 /* Sources */ = {
			isa = PBXSourcesBuildPhase;
			buildActionMask = 2147483647;
			files = (
			);
			runOnlyForDeploymentPostprocessing = 0;
		};
		E3547ACB2DDB16D10015C7B5 /* Sources */ = {
			isa = PBXSourcesBuildPhase;
			buildActionMask = 2147483647;
			files = (
			);
			runOnlyForDeploymentPostprocessing = 0;
		};
/* End PBXSourcesBuildPhase section */

/* Begin PBXTargetDependency section */
		E3547AC72DDB16D10015C7B5 /* PBXTargetDependency */ = {
			isa = PBXTargetDependency;
			target = E3547AB72DDB16D00015C7B5 /* MaksymPoskannyiCard */;
			targetProxy = E3547AC62DDB16D10015C7B5 /* PBXContainerItemProxy */;
		};
		E3547AD12DDB16D10015C7B5 /* PBXTargetDependency */ = {
			isa = PBXTargetDependency;
			target = E3547AB72DDB16D00015C7B5 /* MaksymPoskannyiCard */;
			targetProxy = E3547AD02DDB16D10015C7B5 /* PBXContainerItemProxy */;
		};
/* End PBXTargetDependency section */

/* Begin XCBuildConfiguration section */
		E3547AD72DDB16D10015C7B5 /* Debug */ = {
			isa = XCBuildConfiguration;
			buildSettings = {
				ALWAYS_SEARCH_USER_PATHS = NO;
				ASSETCATALOG_COMPILER_GENERATE_SWIFT_ASSET_SYMBOL_EXTENSIONS = YES;
				CLANG_ANALYZER_NONNULL = YES;
				CLANG_ANALYZER_NUMBER_OBJECT_CONVERSION = YES_AGGRESSIVE;
				CLANG_CXX_LANGUAGE_STANDARD = "gnu++20";
				CLANG_ENABLE_MODULES = YES;
				CLANG_ENABLE_OBJC_ARC = YES;
				CLANG_ENABLE_OBJC_WEAK = YES;
				CLANG_WARN_BLOCK_CAPTURE_AUTORELEASING = YES;
				CLANG_WARN_BOOL_CONVERSION = YES;
				CLANG_WARN_COMMA = YES;
				CLANG_WARN_CONSTANT_CONVERSION = YES;
				CLANG_WARN_DEPRECATED_OBJC_IMPLEMENTATIONS = YES;
				CLANG_WARN_DIRECT_OBJC_ISA_USAGE = YES_ERROR;
				CLANG_WARN_DOCUMENTATION_COMMENTS = YES;
				CLANG_WARN_EMPTY_BODY = YES;
				CLANG_WARN_ENUM_CONVERSION = YES;
				CLANG_WARN_INFINITE_RECURSION = YES;
				CLANG_WARN_INT_CONVERSION = YES;
				CLANG_WARN_NON_LITERAL_NULL_CONVERSION = YES;
				CLANG_WARN_OBJC_IMPLICIT_RETAIN_SELF = YES;
				CLANG_WARN_OBJC_LITERAL_CONVERSION = YES;
				CLANG_WARN_OBJC_ROOT_CLASS = YES_ERROR;
				CLANG_WARN_QUOTED_INCLUDE_IN_FRAMEWORK_HEADER = YES;
				CLANG_WARN_RANGE_LOOP_ANALYSIS = YES;
				CLANG_WARN_STRICT_PROTOTYPES = YES;
				CLANG_WARN_SUSPICIOUS_MOVE = YES;
				CLANG_WARN_UNGUARDED_AVAILABILITY = YES_AGGRESSIVE;
				CLANG_WARN_UNREACHABLE_CODE = YES;
				CLANG_WARN__DUPLICATE_METHOD_MATCH = YES;
				COPY_PHASE_STRIP = NO;
				DEBUG_INFORMATION_FORMAT = dwarf;
				ENABLE_STRICT_OBJC_MSGSEND = YES;
				ENABLE_TESTABILITY = YES;
				ENABLE_USER_SCRIPT_SANDBOXING = YES;
				GCC_C_LANGUAGE_STANDARD = gnu17;
				GCC_DYNAMIC_NO_PIC = NO;
				GCC_NO_COMMON_BLOCKS = YES;
				GCC_OPTIMIZATION_LEVEL = 0;
				GCC_PREPROCESSOR_DEFINITIONS = (
					"DEBUG=1",
					"$(inherited)",
				);
				GCC_WARN_64_TO_32_BIT_CONVERSION = YES;
				GCC_WARN_ABOUT_RETURN_TYPE = YES_ERROR;
				GCC_WARN_UNDECLARED_SELECTOR = YES;
				GCC_WARN_UNINITIALIZED_AUTOS = YES_AGGRESSIVE;
				GCC_WARN_UNUSED_FUNCTION = YES;
				GCC_WARN_UNUSED_VARIABLE = YES;
				IPHONEOS_DEPLOYMENT_TARGET = 18.4;
				LOCALIZATION_PREFERS_STRING_CATALOGS = YES;
				MTL_ENABLE_DEBUG_INFO = INCLUDE_SOURCE;
				MTL_FAST_MATH = YES;
				ONLY_ACTIVE_ARCH = YES;
				SDKROOT = iphoneos;
				SWIFT_ACTIVE_COMPILATION_CONDITIONS = "DEBUG $(inherited)";
				SWIFT_OPTIMIZATION_LEVEL = "-Onone";
			};
			name = Debug;
		};
		E3547AD82DDB16D10015C7B5 /* Release */ = {
			isa = XCBuildConfiguration;
			buildSettings = {
				ALWAYS_SEARCH_USER_PATHS = NO;
				ASSETCATALOG_COMPILER_GENERATE_SWIFT_ASSET_SYMBOL_EXTENSIONS = YES;
				CLANG_ANALYZER_NONNULL = YES;
				CLANG_ANALYZER_NUMBER_OBJECT_CONVERSION = YES_AGGRESSIVE;
				CLANG_CXX_LANGUAGE_STANDARD = "gnu++20";
				CLANG_ENABLE_MODULES = YES;
				CLANG_ENABLE_OBJC_ARC = YES;
				CLANG_ENABLE_OBJC_WEAK = YES;
				CLANG_WARN_BLOCK_CAPTURE_AUTORELEASING = YES;
				CLANG_WARN_BOOL_CONVERSION = YES;
				CLANG_WARN_COMMA = YES;
				CLANG_WARN_CONSTANT_CONVERSION = YES;
				CLANG_WARN_DEPRECATED_OBJC_IMPLEMENTATIONS = YES;
				CLANG_WARN_DIRECT_OBJC_ISA_USAGE = YES_ERROR;
				CLANG_WARN_DOCUMENTATION_COMMENTS = YES;
				CLANG_WARN_EMPTY_BODY = YES;
				CLANG_WARN_ENUM_CONVERSION = YES;
				CLANG_WARN_INFINITE_RECURSION = YES;
				CLANG_WARN_INT_CONVERSION = YES;
				CLANG_WARN_NON_LITERAL_NULL_CONVERSION = YES;
				CLANG_WARN_OBJC_IMPLICIT_RETAIN_SELF = YES;
				CLANG_WARN_OBJC_LITERAL_CONVERSION = YES;
				CLANG_WARN_OBJC_ROOT_CLASS = YES_ERROR;
				CLANG_WARN_QUOTED_INCLUDE_IN_FRAMEWORK_HEADER = YES;
				CLANG_WARN_RANGE_LOOP_ANALYSIS = YES;
				CLANG_WARN_STRICT_PROTOTYPES = YES;
				CLANG_WARN_SUSPICIOUS_MOVE = YES;
				CLANG_WARN_UNGUARDED_AVAILABILITY = YES_AGGRESSIVE;
				CLANG_WARN_UNREACHABLE_CODE = YES;
				CLANG_WARN__DUPLICATE_METHOD_MATCH = YES;
				COPY_PHASE_STRIP = NO;
				DEBUG_INFORMATION_FORMAT = "dwarf-with-dsym";
				ENABLE_NS_ASSERTIONS = NO;
				ENABLE_STRICT_OBJC_MSGSEND = YES;
				ENABLE_USER_SCRIPT_SANDBOXING = YES;
				GCC_C_LANGUAGE_STANDARD = gnu17;
				GCC_NO_COMMON_BLOCKS = YES;
				GCC_WARN_64_TO_32_BIT_CONVERSION = YES;
				GCC_WARN_ABOUT_RETURN_TYPE = YES_ERROR;
				GCC_WARN_UNDECLARED_SELECTOR = YES;
				GCC_WARN_UNINITIALIZED_AUTOS = YES_AGGRESSIVE;
				GCC_WARN_UNUSED_FUNCTION = YES;
				GCC_WARN_UNUSED_VARIABLE = YES;
				IPHONEOS_DEPLOYMENT_TARGET = 18.4;
				LOCALIZATION_PREFERS_STRING_CATALOGS = YES;
				MTL_ENABLE_DEBUG_INFO = NO;
				MTL_FAST_MATH = YES;
				SDKROOT = iphoneos;
				SWIFT_COMPILATION_MODE = wholemodule;
				VALIDATE_PRODUCT = YES;
			};
			name = Release;
		};
		E3547ADA2DDB16D10015C7B5 /* Debug */ = {
			isa = XCBuildConfiguration;
			buildSettings = {
				ASSETCATALOG_COMPILER_APPICON_NAME = AppIcon;
				ASSETCATALOG_COMPILER_GLOBAL_ACCENT_COLOR_NAME = AccentColor;
				CODE_SIGN_STYLE = Automatic;
				CURRENT_PROJECT_VERSION = 1;
				ENABLE_PREVIEWS = YES;
				GENERATE_INFOPLIST_FILE = YES;
				INFOPLIST_FILE = MaksymPoskannyiCard/Info.plist;
				INFOPLIST_KEY_UIApplicationSceneManifest_Generation = YES;
				INFOPLIST_KEY_UIApplicationSupportsIndirectInputEvents = YES;
				INFOPLIST_KEY_UILaunchScreen_Generation = YES;
				INFOPLIST_KEY_UISupportedInterfaceOrientations_iPad = "UIInterfaceOrientationPortrait UIInterfaceOrientationPortraitUpsideDown UIInterfaceOrientationLandscapeLeft UIInterfaceOrientationLandscapeRight";
				INFOPLIST_KEY_UISupportedInterfaceOrientations_iPhone = "UIInterfaceOrientationPortrait UIInterfaceOrientationLandscapeLeft UIInterfaceOrientationLandscapeRight";
				LD_RUNPATH_SEARCH_PATHS = (
					"$(inherited)",
					"@executable_path/Frameworks",
				);
				MARKETING_VERSION = 1.0;
				PRODUCT_BUNDLE_IDENTIFIER = com.maksymPoskannyi.MaksymPoskannyiCard;
				PRODUCT_NAME = "$(TARGET_NAME)";
				SWIFT_EMIT_LOC_STRINGS = YES;
				SWIFT_VERSION = 5.0;
				TARGETED_DEVICE_FAMILY = "1,2";
			};
			name = Debug;
		};
		E3547ADB2DDB16D10015C7B5 /* Release */ = {
			isa = XCBuildConfiguration;
			buildSettings = {
				ASSETCATALOG_COMPILER_APPICON_NAME = AppIcon;
				ASSETCATALOG_COMPILER_GLOBAL_ACCENT_COLOR_NAME = AccentColor;
				CODE_SIGN_STYLE = Automatic;
				CURRENT_PROJECT_VERSION = 1;
				ENABLE_PREVIEWS = YES;
				GENERATE_INFOPLIST_FILE = YES;
				INFOPLIST_FILE = MaksymPoskannyiCard/Info.plist;
				INFOPLIST_KEY_UIApplicationSceneManifest_Generation = YES;
				INFOPLIST_KEY_UIApplicationSupportsIndirectInputEvents = YES;
				INFOPLIST_KEY_UILaunchScreen_Generation = YES;
				INFOPLIST_KEY_UISupportedInterfaceOrientations_iPad = "UIInterfaceOrientationPortrait UIInterfaceOrientationPortraitUpsideDown UIInterfaceOrientationLandscapeLeft UIInterfaceOrientationLandscapeRight";
				INFOPLIST_KEY_UISupportedInterfaceOrientations_iPhone = "UIInterfaceOrientationPortrait UIInterfaceOrientationLandscapeLeft UIInterfaceOrientationLandscapeRight";
				LD_RUNPATH_SEARCH_PATHS = (
					"$(inherited)",
					"@executable_path/Frameworks",
				);
				MARKETING_VERSION = 1.0;
				PRODUCT_BUNDLE_IDENTIFIER = com.maksymPoskannyi.MaksymPoskannyiCard;
				PRODUCT_NAME = "$(TARGET_NAME)";
				SWIFT_EMIT_LOC_STRINGS = YES;
				SWIFT_VERSION = 5.0;
				TARGETED_DEVICE_FAMILY = "1,2";
			};
			name = Release;
		};
		E3547ADD2DDB16D10015C7B5 /* Debug */ = {
			isa = XCBuildConfiguration;
			buildSettings = {
				BUNDLE_LOADER = "$(TEST_HOST)";
				CODE_SIGN_STYLE = Automatic;
				CURRENT_PROJECT_VERSION = 1;
				GENERATE_INFOPLIST_FILE = YES;
				IPHONEOS_DEPLOYMENT_TARGET = 18.4;
				MARKETING_VERSION = 1.0;
				PRODUCT_BUNDLE_IDENTIFIER = com.maksymPoskannyi.MaksymPoskannyiCardTests;
				PRODUCT_NAME = "$(TARGET_NAME)";
				SWIFT_EMIT_LOC_STRINGS = NO;
				SWIFT_VERSION = 5.0;
				TARGETED_DEVICE_FAMILY = "1,2";
				TEST_HOST = "$(BUILT_PRODUCTS_DIR)/MaksymPoskannyiCard.app/$(BUNDLE_EXECUTABLE_FOLDER_PATH)/MaksymPoskannyiCard";
			};
			name = Debug;
		};
		E3547ADE2DDB16D10015C7B5 /* Release */ = {
			isa = XCBuildConfiguration;
			buildSettings = {
				BUNDLE_LOADER = "$(TEST_HOST)";
				CODE_SIGN_STYLE = Automatic;
				CURRENT_PROJECT_VERSION = 1;
				GENERATE_INFOPLIST_FILE = YES;
				IPHONEOS_DEPLOYMENT_TARGET = 18.4;
				MARKETING_VERSION = 1.0;
				PRODUCT_BUNDLE_IDENTIFIER = com.maksymPoskannyi.MaksymPoskannyiCardTests;
				PRODUCT_NAME = "$(TARGET_NAME)";
				SWIFT_EMIT_LOC_STRINGS = NO;
				SWIFT_VERSION = 5.0;
				TARGETED_DEVICE_FAMILY = "1,2";
				TEST_HOST = "$(BUILT_PRODUCTS_DIR)/MaksymPoskannyiCard.app/$(BUNDLE_EXECUTABLE_FOLDER_PATH)/MaksymPoskannyiCard";
			};
			name = Release;
		};
		E3547AE02DDB16D10015C7B5 /* Debug */ = {
			isa = XCBuildConfiguration;
			buildSettings = {
				CODE_SIGN_STYLE = Automatic;
				CURRENT_PROJECT_VERSION = 1;
				GENERATE_INFOPLIST_FILE = YES;
				MARKETING_VERSION = 1.0;
				PRODUCT_BUNDLE_IDENTIFIER = com.maksymPoskannyi.MaksymPoskannyiCardUITests;
				PRODUCT_NAME = "$(TARGET_NAME)";
				SWIFT_EMIT_LOC_STRINGS = NO;
				SWIFT_VERSION = 5.0;
				TARGETED_DEVICE_FAMILY = "1,2";
				TEST_TARGET_NAME = MaksymPoskannyiCard;
			};
			name = Debug;
		};
		E3547AE12DDB16D10015C7B5 /* Release */ = {
			isa = XCBuildConfiguration;
			buildSettings = {
				CODE_SIGN_STYLE = Automatic;
				CURRENT_PROJECT_VERSION = 1;
				GENERATE_INFOPLIST_FILE = YES;
				MARKETING_VERSION = 1.0;
				PRODUCT_BUNDLE_IDENTIFIER = com.maksymPoskannyi.MaksymPoskannyiCardUITests;
				PRODUCT_NAME = "$(TARGET_NAME)";
				SWIFT_EMIT_LOC_STRINGS = NO;
				SWIFT_VERSION = 5.0;
				TARGETED_DEVICE_FAMILY = "1,2";
				TEST_TARGET_NAME = MaksymPoskannyiCard;
			};
			name = Release;
		};
/* End XCBuildConfiguration section */

/* Begin XCConfigurationList section */
		E3547AB32DDB16D00015C7B5 /* Build configuration list for PBXProject "MaksymPoskannyiCard" */ = {
			isa = XCConfigurationList;
			buildConfigurations = (
				E3547AD72DDB16D10015C7B5 /* Debug */,
				E3547AD82DDB16D10015C7B5 /* Release */,
			);
			defaultConfigurationIsVisible = 0;
			defaultConfigurationName = Release;
		};
		E3547AD92DDB16D10015C7B5 /* Build configuration list for PBXNativeTarget "MaksymPoskannyiCard" */ = {
			isa = XCConfigurationList;
			buildConfigurations = (
				E3547ADA2DDB16D10015C7B5 /* Debug */,
				E3547ADB2DDB16D10015C7B5 /* Release */,
			);
			defaultConfigurationIsVisible = 0;
			defaultConfigurationName = Release;
		};
		E3547ADC2DDB16D10015C7B5 /* Build configuration list for PBXNativeTarget "MaksymPoskannyiCardTests" */ = {
			isa = XCConfigurationList;
			buildConfigurations = (
				E3547ADD2DDB16D10015C7B5 /* Debug */,
				E3547ADE2DDB16D10015C7B5 /* Release */,
			);
			defaultConfigurationIsVisible = 0;
			defaultConfigurationName = Release;
		};
		E3547ADF2DDB16D10015C7B5 /* Build configuration list for PBXNativeTarget "MaksymPoskannyiCardUITests" */ = {
			isa = XCConfigurationList;
			buildConfigurations = (
				E3547AE02DDB16D10015C7B5 /* Debug */,
				E3547AE12DDB16D10015C7B5 /* Release */,
			);
			defaultConfigurationIsVisible = 0;
			defaultConfigurationName = Release;
		};
/* End XCConfigurationList section */
	};
	rootObject = E3547AB02DDB16D00015C7B5 /* Project object */;
}
